
Microsoft Visual Studio Solution File, Format Version 12.00
# Visual Studio Version 16
VisualStudioVersion = 16.0.31005.135
MinimumVisualStudioVersion = 10.0.40219.1
Project("{FAE04EC0-301F-11D3-BF4B-00C04F79EFBC}") = "testAPI console", "testAPI console\testAPI console.csproj", "{82D3187F-A3F2-451E-B226-9D8C7522FD2E}"
EndProject
Project("{2150E333-8FDC-42A3-9474-1A3956D46DE8}") = "Solution Items", "Solution Items", "{DA4EC965-9DBC-4E5D-861B-CDB50119BBD4}"
	ProjectSection(SolutionItems) = preProject
		.editorconfig = .editorconfig
	EndProjectSection
EndProject
Global
	GlobalSection(SolutionConfigurationPlatforms) = preSolution
		Debug|Any CPU = Debug|Any CPU
		Release|Any CPU = Release|Any CPU
	EndGlobalSection
	GlobalSection(ProjectConfigurationPlatforms) = postSolution
		{82D3187F-A3F2-451E-B226-9D8C7522FD2E}.Debug|Any CPU.ActiveCfg = Debug|Any CPU
		{82D3187F-A3F2-451E-B226-9D8C7522FD2E}.Debug|Any CPU.Build.0 = Debug|Any CPU
		{82D3187F-A3F2-451E-B226-9D8C7522FD2E}.Release|Any CPU.ActiveCfg = Release|Any CPU
		{82D3187F-A3F2-451E-B226-9D8C7522FD2E}.Release|Any CPU.Build.0 = Release|Any CPU
	EndGlobalSection
	GlobalSection(SolutionProperties) = preSolution
		HideSolutionNode = FALSE
	EndGlobalSection
	GlobalSection(ExtensibilityGlobals) = postSolution
		SolutionGuid = {2EBB2921-E2BE-4BD3-8A1D-90671D8C2A5D}
	EndGlobalSection
EndGlobal
